
Microsoft Visual Studio Solution File, Format Version 12.00
# Visual Studio Version 16
VisualStudioVersion = 16.0.30611.23
MinimumVisualStudioVersion = 10.0.40219.1
Project("{9A19103F-16F7-4668-BE54-9A1E7A4F7556}") = "ASChatTelegramBot", "ASChatTelegramBot\ASChatTelegramBot.csproj", "{77BA7CB9-75F2-40E0-80AB-700BE78EEDE8}"
EndProject
Project("{FAE04EC0-301F-11D3-BF4B-00C04F79EFBC}") = "ConsoleRequestTest", "ConsoleRequestTest\ConsoleRequestTest.csproj", "{386946B4-C0CD-4D15-853E-05638E6AF5C6}"
EndProject
Global
	GlobalSection(SolutionConfigurationPlatforms) = preSolution
		Debug|Any CPU = Debug|Any CPU
		Release|Any CPU = Release|Any CPU
	EndGlobalSection
	GlobalSection(ProjectConfigurationPlatforms) = postSolution
		{77BA7CB9-75F2-40E0-80AB-700BE78EEDE8}.Debug|Any CPU.ActiveCfg = Debug|Any CPU
		{77BA7CB9-75F2-40E0-80AB-700BE78EEDE8}.Debug|Any CPU.Build.0 = Debug|Any CPU
		{77BA7CB9-75F2-40E0-80AB-700BE78EEDE8}.Release|Any CPU.ActiveCfg = Release|Any CPU
		{77BA7CB9-75F2-40E0-80AB-700BE78EEDE8}.Release|Any CPU.Build.0 = Release|Any CPU
		{386946B4-C0CD-4D15-853E-05638E6AF5C6}.Debug|Any CPU.ActiveCfg = Debug|Any CPU
		{386946B4-C0CD-4D15-853E-05638E6AF5C6}.Debug|Any CPU.Build.0 = Debug|Any CPU
		{386946B4-C0CD-4D15-853E-05638E6AF5C6}.Release|Any CPU.ActiveCfg = Release|Any CPU
		{386946B4-C0CD-4D15-853E-05638E6AF5C6}.Release|Any CPU.Build.0 = Release|Any CPU
	EndGlobalSection
	GlobalSection(SolutionProperties) = preSolution
		HideSolutionNode = FALSE
	EndGlobalSection
	GlobalSection(ExtensibilityGlobals) = postSolution
		SolutionGuid = {AE936BA5-C2BB-4823-8980-04C6A14A06A1}
	EndGlobalSection
EndGlobal
